
Microsoft Visual Studio Solution File, Format Version 12.00
Project("{FAE04EC0-301F-11D3-BF4B-00C04F79EFBC}") = "DockerManager", "DockerManager\DockerManager.csproj", "{1B6CD348-7BF8-4BAF-B489-A62B415C1365}"
EndProject
Project("{FAE04EC0-301F-11D3-BF4B-00C04F79EFBC}") = "DockerManager.Shared", "DockerManager.Shared\DockerManager.Shared.csproj", "{CC00C308-A7EE-4CDD-9F22-B82B750DB513}"
EndProject
Project("{FAE04EC0-301F-11D3-BF4B-00C04F79EFBC}") = "DockerManager.Auth", "DockerManager.Auth\DockerManager.Auth.csproj", "{C955D62C-8CD4-48A3-BDB2-87B956C18865}"
EndProject
Project("{FAE04EC0-301F-11D3-BF4B-00C04F79EFBC}") = "DockerManager.DockerControl", "DockerManager.DockerControl\DockerManager.DockerControl.csproj", "{B34E9A26-EB70-43B7-9198-5145C7BBB2C0}"
EndProject
Project("{FAE04EC0-301F-11D3-BF4B-00C04F79EFBC}") = "DockerManager.Shared.Views", "DockerManager.Shared.Views\DockerManager.Shared.Views.csproj", "{2D57EA90-4EC6-4A7A-B316-30260A57F6B1}"
EndProject
Project("{FAE04EC0-301F-11D3-BF4B-00C04F79EFBC}") = "DockerManager.DockerController.Views", "DockerManager.DockerController.Views\DockerManager.DockerController.Views.csproj", "{77724541-868E-4D51-BF02-29B92C076571}"
EndProject
Project("{FAE04EC0-301F-11D3-BF4B-00C04F79EFBC}") = "DockerManager.Auth.Views", "DockerManager.Auth.Views\DockerManager.Auth.Views.csproj", "{A5BC7048-4767-48C0-9E02-1926C1DE9DE0}"
EndProject
Global
	GlobalSection(SolutionConfigurationPlatforms) = preSolution
		Debug|Any CPU = Debug|Any CPU
		Release|Any CPU = Release|Any CPU
	EndGlobalSection
	GlobalSection(ProjectConfigurationPlatforms) = postSolution
		{1B6CD348-7BF8-4BAF-B489-A62B415C1365}.Debug|Any CPU.ActiveCfg = Debug|Any CPU
		{1B6CD348-7BF8-4BAF-B489-A62B415C1365}.Debug|Any CPU.Build.0 = Debug|Any CPU
		{1B6CD348-7BF8-4BAF-B489-A62B415C1365}.Release|Any CPU.ActiveCfg = Release|Any CPU
		{1B6CD348-7BF8-4BAF-B489-A62B415C1365}.Release|Any CPU.Build.0 = Release|Any CPU
		{CC00C308-A7EE-4CDD-9F22-B82B750DB513}.Debug|Any CPU.ActiveCfg = Debug|Any CPU
		{CC00C308-A7EE-4CDD-9F22-B82B750DB513}.Debug|Any CPU.Build.0 = Debug|Any CPU
		{CC00C308-A7EE-4CDD-9F22-B82B750DB513}.Release|Any CPU.ActiveCfg = Release|Any CPU
		{CC00C308-A7EE-4CDD-9F22-B82B750DB513}.Release|Any CPU.Build.0 = Release|Any CPU
		{C955D62C-8CD4-48A3-BDB2-87B956C18865}.Debug|Any CPU.ActiveCfg = Debug|Any CPU
		{C955D62C-8CD4-48A3-BDB2-87B956C18865}.Debug|Any CPU.Build.0 = Debug|Any CPU
		{C955D62C-8CD4-48A3-BDB2-87B956C18865}.Release|Any CPU.ActiveCfg = Release|Any CPU
		{C955D62C-8CD4-48A3-BDB2-87B956C18865}.Release|Any CPU.Build.0 = Release|Any CPU
		{B34E9A26-EB70-43B7-9198-5145C7BBB2C0}.Debug|Any CPU.ActiveCfg = Debug|Any CPU
		{B34E9A26-EB70-43B7-9198-5145C7BBB2C0}.Debug|Any CPU.Build.0 = Debug|Any CPU
		{B34E9A26-EB70-43B7-9198-5145C7BBB2C0}.Release|Any CPU.ActiveCfg = Release|Any CPU
		{B34E9A26-EB70-43B7-9198-5145C7BBB2C0}.Release|Any CPU.Build.0 = Release|Any CPU
		{2D57EA90-4EC6-4A7A-B316-30260A57F6B1}.Debug|Any CPU.ActiveCfg = Debug|Any CPU
		{2D57EA90-4EC6-4A7A-B316-30260A57F6B1}.Debug|Any CPU.Build.0 = Debug|Any CPU
		{2D57EA90-4EC6-4A7A-B316-30260A57F6B1}.Release|Any CPU.ActiveCfg = Release|Any CPU
		{2D57EA90-4EC6-4A7A-B316-30260A57F6B1}.Release|Any CPU.Build.0 = Release|Any CPU
		{77724541-868E-4D51-BF02-29B92C076571}.Debug|Any CPU.ActiveCfg = Debug|Any CPU
		{77724541-868E-4D51-BF02-29B92C076571}.Debug|Any CPU.Build.0 = Debug|Any CPU
		{77724541-868E-4D51-BF02-29B92C076571}.Release|Any CPU.ActiveCfg = Release|Any CPU
		{77724541-868E-4D51-BF02-29B92C076571}.Release|Any CPU.Build.0 = Release|Any CPU
		{A5BC7048-4767-48C0-9E02-1926C1DE9DE0}.Debug|Any CPU.ActiveCfg = Debug|Any CPU
		{A5BC7048-4767-48C0-9E02-1926C1DE9DE0}.Debug|Any CPU.Build.0 = Debug|Any CPU
		{A5BC7048-4767-48C0-9E02-1926C1DE9DE0}.Release|Any CPU.ActiveCfg = Release|Any CPU
		{A5BC7048-4767-48C0-9E02-1926C1DE9DE0}.Release|Any CPU.Build.0 = Release|Any CPU
	EndGlobalSection
	GlobalSection(RiderSharedRunConfigurations) = postSolution
		File = DockerManager\Properties\DockerManager_Dockerfile.run.xml
		File = DockerManager\Properties\DockerManager_Dockerfile_Windows.run.xml
	EndGlobalSection
EndGlobal
