
Microsoft Visual Studio Solution File, Format Version 12.00
# Visual Studio Version 17
VisualStudioVersion = 17.14.36414.22 d17.14
MinimumVisualStudioVersion = 10.0.40219.1
Project("{54A90642-561A-4BB1-A94E-469ADEE60C69}") = "viixsdockermanager.client", "viixsdockermanager.client\viixsdockermanager.client.esproj", "{AAAB3E7D-287C-71B1-77E1-6FF6C85D088A}"
EndProject
Project("{FAE04EC0-301F-11D3-BF4B-00C04F79EFBC}") = "ViixsDockerManager.Server", "ViixsDockerManager.Server\ViixsDockerManager.Server.csproj", "{6C119EDB-A63B-8CC6-8364-EA4F44ED0EEE}"
EndProject
Project("{FAE04EC0-301F-11D3-BF4B-00C04F79EFBC}") = "ViixsDockerManager.AppHost", "ViixsDockerManager.AppHost\ViixsDockerManager.AppHost.csproj", "{988234E2-29F8-4B29-98AC-0B327F7A804A}"
EndProject
Project("{FAE04EC0-301F-11D3-BF4B-00C04F79EFBC}") = "ViixsDockerManager.ServiceDefaults", "ViixsDockerManager.ServiceDefaults\ViixsDockerManager.ServiceDefaults.csproj", "{C6A272AF-0221-5CF2-34EB-9D5DAD18B758}"
EndProject
Project("{FAE04EC0-301F-11D3-BF4B-00C04F79EFBC}") = "ViixsDockerManager.DockLight.Containers", "ViixsDockerManager.DockLight.Containers\ViixsDockerManager.DockLight.Containers.csproj", "{B32704EF-390F-4F93-A3ED-862964954C40}"
EndProject
Project("{FAE04EC0-301F-11D3-BF4B-00C04F79EFBC}") = "ViixsDockerManager.Shared", "ViixsDockerManager.Shared\ViixsDockerManager.Shared.csproj", "{8686092F-EA5C-4434-A563-80AEDF27562F}"
EndProject
Project("{FAE04EC0-301F-11D3-BF4B-00C04F79EFBC}") = "ViixsDockerManager.AspNet.Shared", "ViixsDockerManager.AspNet.Shared\ViixsDockerManager.AspNet.Shared.csproj", "{C7A05FFD-F3E3-49EF-8081-64AE0F3B325F}"
EndProject
Project("{FAE04EC0-301F-11D3-BF4B-00C04F79EFBC}") = "ViixsDockerManager.DockLight.Environments", "ViixsDockerManager.DockLight.Environments\ViixsDockerManager.DockLight.Environments.csproj", "{7D21702E-BCBD-4C2E-BFB4-04724AA57F3E}"
EndProject
Project("{FAE04EC0-301F-11D3-BF4B-00C04F79EFBC}") = "ViixsDockerManager.Shared.Database", "ViixsDockerManager.Shared.Database\ViixsDockerManager.Shared.Database.csproj", "{0D49FE0C-CAD6-45F8-9498-B042B627C74E}"
EndProject
Project("{FAE04EC0-301F-11D3-BF4B-00C04F79EFBC}") = "ViixsDockerManager.Shared.Database.Sqlite", "ViixsDockerManager.Shared.Database.Sqlite\ViixsDockerManager.Shared.Database.Sqlite.csproj", "{2283D1A8-6E08-4016-8EAA-9A7CFB12B000}"
EndProject
Project("{FAE04EC0-301F-11D3-BF4B-00C04F79EFBC}") = "ViixsDockerManager.DockLight.Shared", "ViixsDockerManager.DockLight.Shared\ViixsDockerManager.DockLight.Shared.csproj", "{6FE58C78-702A-4A33-ACFC-4634A7B837AE}"
EndProject
Project("{2150E333-8FDC-42A3-9474-1A3956D46DE8}") = "Aspire", "Aspire", "{39B0D345-D5D4-4637-A5B0-AE251E38B7E4}"
EndProject
Project("{2150E333-8FDC-42A3-9474-1A3956D46DE8}") = "DockLight", "DockLight", "{4AE1DA61-F15A-4B2C-9141-59DC24B2D112}"
EndProject
Project("{2150E333-8FDC-42A3-9474-1A3956D46DE8}") = "Shared", "Shared", "{48E9C278-4564-494D-9838-435F45CDAA5F}"
EndProject
Project("{FAE04EC0-301F-11D3-BF4B-00C04F79EFBC}") = "ViixsDockerManager.Mediator", "ViixsDockerManager.Mediator\ViixsDockerManager.Mediator.csproj", "{87439864-CDD3-4D79-AC5C-AE67B8DEDC55}"
EndProject
Global
	GlobalSection(SolutionConfigurationPlatforms) = preSolution
		Debug|Any CPU = Debug|Any CPU
		Release|Any CPU = Release|Any CPU
	EndGlobalSection
	GlobalSection(ProjectConfigurationPlatforms) = postSolution
		{AAAB3E7D-287C-71B1-77E1-6FF6C85D088A}.Debug|Any CPU.ActiveCfg = Debug|Any CPU
		{AAAB3E7D-287C-71B1-77E1-6FF6C85D088A}.Debug|Any CPU.Build.0 = Debug|Any CPU
		{AAAB3E7D-287C-71B1-77E1-6FF6C85D088A}.Release|Any CPU.ActiveCfg = Release|Any CPU
		{AAAB3E7D-287C-71B1-77E1-6FF6C85D088A}.Release|Any CPU.Build.0 = Release|Any CPU
		{6C119EDB-A63B-8CC6-8364-EA4F44ED0EEE}.Debug|Any CPU.ActiveCfg = Debug|Any CPU
		{6C119EDB-A63B-8CC6-8364-EA4F44ED0EEE}.Debug|Any CPU.Build.0 = Debug|Any CPU
		{6C119EDB-A63B-8CC6-8364-EA4F44ED0EEE}.Release|Any CPU.ActiveCfg = Release|Any CPU
		{6C119EDB-A63B-8CC6-8364-EA4F44ED0EEE}.Release|Any CPU.Build.0 = Release|Any CPU
		{988234E2-29F8-4B29-98AC-0B327F7A804A}.Debug|Any CPU.ActiveCfg = Debug|Any CPU
		{988234E2-29F8-4B29-98AC-0B327F7A804A}.Debug|Any CPU.Build.0 = Debug|Any CPU
		{988234E2-29F8-4B29-98AC-0B327F7A804A}.Release|Any CPU.ActiveCfg = Release|Any CPU
		{988234E2-29F8-4B29-98AC-0B327F7A804A}.Release|Any CPU.Build.0 = Release|Any CPU
		{C6A272AF-0221-5CF2-34EB-9D5DAD18B758}.Debug|Any CPU.ActiveCfg = Debug|Any CPU
		{C6A272AF-0221-5CF2-34EB-9D5DAD18B758}.Debug|Any CPU.Build.0 = Debug|Any CPU
		{C6A272AF-0221-5CF2-34EB-9D5DAD18B758}.Release|Any CPU.ActiveCfg = Release|Any CPU
		{C6A272AF-0221-5CF2-34EB-9D5DAD18B758}.Release|Any CPU.Build.0 = Release|Any CPU
		{B32704EF-390F-4F93-A3ED-862964954C40}.Debug|Any CPU.ActiveCfg = Debug|Any CPU
		{B32704EF-390F-4F93-A3ED-862964954C40}.Debug|Any CPU.Build.0 = Debug|Any CPU
		{B32704EF-390F-4F93-A3ED-862964954C40}.Release|Any CPU.ActiveCfg = Release|Any CPU
		{B32704EF-390F-4F93-A3ED-862964954C40}.Release|Any CPU.Build.0 = Release|Any CPU
		{8686092F-EA5C-4434-A563-80AEDF27562F}.Debug|Any CPU.ActiveCfg = Debug|Any CPU
		{8686092F-EA5C-4434-A563-80AEDF27562F}.Debug|Any CPU.Build.0 = Debug|Any CPU
		{8686092F-EA5C-4434-A563-80AEDF27562F}.Release|Any CPU.ActiveCfg = Release|Any CPU
		{8686092F-EA5C-4434-A563-80AEDF27562F}.Release|Any CPU.Build.0 = Release|Any CPU
		{C7A05FFD-F3E3-49EF-8081-64AE0F3B325F}.Debug|Any CPU.ActiveCfg = Debug|Any CPU
		{C7A05FFD-F3E3-49EF-8081-64AE0F3B325F}.Debug|Any CPU.Build.0 = Debug|Any CPU
		{C7A05FFD-F3E3-49EF-8081-64AE0F3B325F}.Release|Any CPU.ActiveCfg = Release|Any CPU
		{C7A05FFD-F3E3-49EF-8081-64AE0F3B325F}.Release|Any CPU.Build.0 = Release|Any CPU
		{7D21702E-BCBD-4C2E-BFB4-04724AA57F3E}.Debug|Any CPU.ActiveCfg = Debug|Any CPU
		{7D21702E-BCBD-4C2E-BFB4-04724AA57F3E}.Debug|Any CPU.Build.0 = Debug|Any CPU
		{7D21702E-BCBD-4C2E-BFB4-04724AA57F3E}.Release|Any CPU.ActiveCfg = Release|Any CPU
		{7D21702E-BCBD-4C2E-BFB4-04724AA57F3E}.Release|Any CPU.Build.0 = Release|Any CPU
		{0D49FE0C-CAD6-45F8-9498-B042B627C74E}.Debug|Any CPU.ActiveCfg = Debug|Any CPU
		{0D49FE0C-CAD6-45F8-9498-B042B627C74E}.Debug|Any CPU.Build.0 = Debug|Any CPU
		{0D49FE0C-CAD6-45F8-9498-B042B627C74E}.Release|Any CPU.ActiveCfg = Release|Any CPU
		{0D49FE0C-CAD6-45F8-9498-B042B627C74E}.Release|Any CPU.Build.0 = Release|Any CPU
		{2283D1A8-6E08-4016-8EAA-9A7CFB12B000}.Debug|Any CPU.ActiveCfg = Debug|Any CPU
		{2283D1A8-6E08-4016-8EAA-9A7CFB12B000}.Debug|Any CPU.Build.0 = Debug|Any CPU
		{2283D1A8-6E08-4016-8EAA-9A7CFB12B000}.Release|Any CPU.ActiveCfg = Release|Any CPU
		{2283D1A8-6E08-4016-8EAA-9A7CFB12B000}.Release|Any CPU.Build.0 = Release|Any CPU
		{6FE58C78-702A-4A33-ACFC-4634A7B837AE}.Debug|Any CPU.ActiveCfg = Debug|Any CPU
		{6FE58C78-702A-4A33-ACFC-4634A7B837AE}.Debug|Any CPU.Build.0 = Debug|Any CPU
		{6FE58C78-702A-4A33-ACFC-4634A7B837AE}.Release|Any CPU.ActiveCfg = Release|Any CPU
		{6FE58C78-702A-4A33-ACFC-4634A7B837AE}.Release|Any CPU.Build.0 = Release|Any CPU
		{87439864-CDD3-4D79-AC5C-AE67B8DEDC55}.Debug|Any CPU.ActiveCfg = Debug|Any CPU
		{87439864-CDD3-4D79-AC5C-AE67B8DEDC55}.Debug|Any CPU.Build.0 = Debug|Any CPU
		{87439864-CDD3-4D79-AC5C-AE67B8DEDC55}.Release|Any CPU.ActiveCfg = Release|Any CPU
		{87439864-CDD3-4D79-AC5C-AE67B8DEDC55}.Release|Any CPU.Build.0 = Release|Any CPU
	EndGlobalSection
	GlobalSection(SolutionProperties) = preSolution
		HideSolutionNode = FALSE
	EndGlobalSection
	GlobalSection(ExtensibilityGlobals) = postSolution
		SolutionGuid = {368DAD05-B411-4878-A797-7D76A0AB68EC}
	EndGlobalSection
	GlobalSection(NestedProjects) = preSolution
		{988234E2-29F8-4B29-98AC-0B327F7A804A} = {39B0D345-D5D4-4637-A5B0-AE251E38B7E4}
		{C6A272AF-0221-5CF2-34EB-9D5DAD18B758} = {39B0D345-D5D4-4637-A5B0-AE251E38B7E4}
		{B32704EF-390F-4F93-A3ED-862964954C40} = {4AE1DA61-F15A-4B2C-9141-59DC24B2D112}
		{7D21702E-BCBD-4C2E-BFB4-04724AA57F3E} = {4AE1DA61-F15A-4B2C-9141-59DC24B2D112}
		{6FE58C78-702A-4A33-ACFC-4634A7B837AE} = {4AE1DA61-F15A-4B2C-9141-59DC24B2D112}
		{8686092F-EA5C-4434-A563-80AEDF27562F} = {48E9C278-4564-494D-9838-435F45CDAA5F}
		{0D49FE0C-CAD6-45F8-9498-B042B627C74E} = {48E9C278-4564-494D-9838-435F45CDAA5F}
		{2283D1A8-6E08-4016-8EAA-9A7CFB12B000} = {48E9C278-4564-494D-9838-435F45CDAA5F}
		{C7A05FFD-F3E3-49EF-8081-64AE0F3B325F} = {48E9C278-4564-494D-9838-435F45CDAA5F}
		{87439864-CDD3-4D79-AC5C-AE67B8DEDC55} = {48E9C278-4564-494D-9838-435F45CDAA5F}
	EndGlobalSection
EndGlobal
