<Solution>
  <Folder Name="/Aspire/">
    <Project Path="ViixsDockerManager.AppHost/ViixsDockerManager.AppHost.csproj" />
    <Project Path="ViixsDockerManager.ServiceDefaults/ViixsDockerManager.ServiceDefaults.csproj" />
  </Folder>
  <Folder Name="/DockLight/">
    <Project Path="ViixsDockerManager.DockLight.Containers/ViixsDockerManager.DockLight.Containers.csproj" />
    <Project Path="ViixsDockerManager.DockLight.Environments/ViixsDockerManager.DockLight.Environments.csproj" />
    <Project Path="ViixsDockerManager.DockLight.Shared/ViixsDockerManager.DockLight.Shared.csproj" />
  </Folder>
  <Folder Name="/Setup/">
    <Project Path="ViixsDockerManager.Setup/ViixsDockerManager.Setup.csproj" Id="f40f447e-a085-48d9-b5cc-5d549e0dfb1d" />
  </Folder>
  <Folder Name="/Shared/">
    <Project Path="ViixDockerManager.Shared.SourceGenerators/ViixsDockerManager.Shared.SourceGenerators.csproj" Id="1fe78f92-3583-4c7a-90f2-1952042215b6" />
    <Project Path="ViixsDockerManager.AspNet.Shared/ViixsDockerManager.Shared.AspNet.csproj" />
    <Project Path="ViixsDockerManager.Mediator/ViixsDockerManager.Mediator.csproj" />
    <Project Path="ViixsDockerManager.Shared.Database.Sqlite/ViixsDockerManager.Shared.Database.Sqlite.csproj" />
    <Project Path="ViixsDockerManager.Shared.Database/ViixsDockerManager.Shared.Database.csproj" />
    <Project Path="ViixsDockerManager.Shared.Models/ViixsDockerManager.Shared.Models.csproj" Id="4f08dbbb-713a-4556-96eb-a78b35b72463" />
    <Project Path="ViixsDockerManager.Shared.Services/ViixsDockerManager.Shared.Services.csproj" Id="23586e94-5895-46a1-b39f-00cb92079657" />
    <Project Path="ViixsDockerManager.Shared/ViixsDockerManager.Shared.csproj" />
  </Folder>
  <Folder Name="/Solution Items/">
    <File Path=".editorconfig" />
  </Folder>
  <Folder Name="/Users/">
    <Project Path="ViixsDockerManager.Users.Accounts/ViixsDockerManager.Users.Accounts.csproj" Id="f4fcbf86-875b-4466-99bb-26e8b856a5c8" />
  </Folder>
  <Folder Name="/Version/">
    <Project Path="ViixDockerManager.Version/ViixsDockerManager.Version.csproj" Id="8f50c18e-1206-4b52-b943-bb04a62cb91a" />
  </Folder>
  <Project Path="viixsdockermanager.client/viixsdockermanager.client.esproj">
    <Build />
  </Project>
  <Project Path="ViixsDockerManager.Server/ViixsDockerManager.Server.csproj" />
</Solution>
